
Microsoft Visual Studio Solution File, Format Version 12.00
# Visual Studio Version 17
VisualStudioVersion = 17.11.35222.181
MinimumVisualStudioVersion = 10.0.40219.1
Project("{2150E333-8FDC-42A3-9474-1A3956D46DE8}") = "Task0", "Task0", "{AF1ED062-DC80-46B0-AEFC-042FC81AB265}"
EndProject
Project("{9A19103F-16F7-4668-BE54-9A1E7A4F7556}") = "Tyuiu.SaigafarovBI.Sprint3.Task0.V26", "Tyuiu.SaigafarovBI.Sprint3.Task0.V26\Tyuiu.SaigafarovBI.Sprint3.Task0.V26.csproj", "{683A44AE-DB2B-418B-BE4D-7D74DCE1AA69}"
EndProject
Project("{9A19103F-16F7-4668-BE54-9A1E7A4F7556}") = "Tyuiu.SaigafarovBI.Sprint3.Task0.V26.Lib", "Tyuiu.SaigafarovBI.Sprint3.Task0.V26.Lib\Tyuiu.SaigafarovBI.Sprint3.Task0.V26.Lib.csproj", "{FBCBE7DC-3A64-4DE0-B53B-66A286F565BE}"
EndProject
Project("{9A19103F-16F7-4668-BE54-9A1E7A4F7556}") = "Tyuiu.SaigafarovBI.Sprint3.Task0.V26.Test", "Tyuiu.SaigafarovBI.Sprint3.Task0.V26.Test\Tyuiu.SaigafarovBI.Sprint3.Task0.V26.Test.csproj", "{DCAC7335-D9E6-4AC2-B5C0-DFD4640F72F7}"
EndProject
Project("{2150E333-8FDC-42A3-9474-1A3956D46DE8}") = "Task1", "Task1", "{742FDF90-F6CA-4DB2-876C-9CEF137B6D1A}"
EndProject
Project("{9A19103F-16F7-4668-BE54-9A1E7A4F7556}") = "Tyuiu.SaigafarovBI.Sprint3.Task1.V12", "Tyuiu.SaigafarovBI.Sprint3.Task1.V12\Tyuiu.SaigafarovBI.Sprint3.Task1.V12.csproj", "{772DC280-ABA0-4E7D-9460-6DE0623C3460}"
EndProject
Project("{9A19103F-16F7-4668-BE54-9A1E7A4F7556}") = "Tyuiu.SaigafarovBI.Sprint3.Task1.V12.Lib", "Tyuiu.SaigafarovBI.Sprint3.Task1.V12.Lib\Tyuiu.SaigafarovBI.Sprint3.Task1.V12.Lib.csproj", "{77E10D07-FB7B-417B-8A07-A01A9BE0EBBF}"
EndProject
Project("{9A19103F-16F7-4668-BE54-9A1E7A4F7556}") = "Tyuiu.SaigafarovBI.Sprint3.Task1.V12.Test", "Tyuiu.SaigafarovBI.Sprint3.Task1.V12.Test\Tyuiu.SaigafarovBI.Sprint3.Task1.V12.Test.csproj", "{9C603189-1B51-4110-A195-3FDA3A88FAC7}"
EndProject
Project("{2150E333-8FDC-42A3-9474-1A3956D46DE8}") = "Task2", "Task2", "{34FED6D0-3379-4992-8BD1-0AA06F8CA120}"
EndProject
Project("{9A19103F-16F7-4668-BE54-9A1E7A4F7556}") = "Tyuiu.SaigafarovBI.Sprint3.Task2.V20", "Tyuiu.SaigafarovBI.Sprint3.Task2.V20\Tyuiu.SaigafarovBI.Sprint3.Task2.V20.csproj", "{8453C298-9834-49B4-9A37-508AC14B770D}"
EndProject
Project("{9A19103F-16F7-4668-BE54-9A1E7A4F7556}") = "Tyuiu.SaigafarovBI.Sprint3.Task2.V20.Lib", "Tyuiu.SaigafarovBI.Sprint3.Task2.V20.Lib\Tyuiu.SaigafarovBI.Sprint3.Task2.V20.Lib.csproj", "{B0DE4820-03CD-422C-9539-3DD54FAF5238}"
EndProject
Project("{9A19103F-16F7-4668-BE54-9A1E7A4F7556}") = "Tyuiu.SaigafarovBI.Sprint3.Task2.V20.Test", "Tyuiu.SaigafarovBI.Sprint3.Task2.V20.Test\Tyuiu.SaigafarovBI.Sprint3.Task2.V20.Test.csproj", "{6DC06D85-3201-4CCF-A0CC-9081926EDD00}"
EndProject
Project("{2150E333-8FDC-42A3-9474-1A3956D46DE8}") = "Task3", "Task3", "{85C765AE-56E8-4F6D-88FD-D32EED6B9C4D}"
EndProject
Project("{FAE04EC0-301F-11D3-BF4B-00C04F79EFBC}") = "Tyuiu.SaigafarovBI.Sprint3.Task3.V21", "Tyuiu.SaigafarovBI.Sprint3.Task3.V21\Tyuiu.SaigafarovBI.Sprint3.Task3.V21.csproj", "{60E88444-6F3F-45D6-98CB-8DC1E6ABBFF1}"
EndProject
Project("{FAE04EC0-301F-11D3-BF4B-00C04F79EFBC}") = "Tyuiu.SaigafarovBI.Sprint3.Task3.V21.Lib", "Tyuiu.SaigafarovBI.Sprint3.Task3.V21.Lib\Tyuiu.SaigafarovBI.Sprint3.Task3.V21.Lib.csproj", "{7E2A1AF1-5791-4A15-9C23-89E158EA9D18}"
EndProject
Project("{FAE04EC0-301F-11D3-BF4B-00C04F79EFBC}") = "Tyuiu.SaigafarovBI.Sprint3.Task3.V21.Test", "Tyuiu.SaigafarovBI.Sprint3.Task3.V21.Test\Tyuiu.SaigafarovBI.Sprint3.Task3.V21.Test.csproj", "{706014C4-354D-4AC8-B51D-EB63E63CD2BD}"
EndProject
Project("{2150E333-8FDC-42A3-9474-1A3956D46DE8}") = "Task4", "Task4", "{CEFFB0CF-CCE1-47A9-968E-71F83A383691}"
EndProject
Project("{FAE04EC0-301F-11D3-BF4B-00C04F79EFBC}") = "Tyuiu.SaigafarovBI.Sprint3.Task4.V16", "Tyuiu.SaigafarovBI.Sprint3.Task4.V16\Tyuiu.SaigafarovBI.Sprint3.Task4.V16.csproj", "{2D50F3CC-A5DD-4A1C-A770-FF0FE63D68BE}"
EndProject
Project("{FAE04EC0-301F-11D3-BF4B-00C04F79EFBC}") = "Tyuiu.SaigafarovBI.Sprint3.Task4.V16.Lib", "Tyuiu.SaigafarovBI.Sprint3.Task4.V16.Lib\Tyuiu.SaigafarovBI.Sprint3.Task4.V16.Lib.csproj", "{99A317FE-E7F3-47CA-BE82-1347E4C2A425}"
EndProject
Project("{FAE04EC0-301F-11D3-BF4B-00C04F79EFBC}") = "Tyuiu.SaigafarovBI.Sprint3.Task4.V16.Test", "Tyuiu.SaigafarovBI.Sprint3.Task4.V16.Test\Tyuiu.SaigafarovBI.Sprint3.Task4.V16.Test.csproj", "{D17135A4-20B0-4679-953A-586199B755A3}"
EndProject
Global
	GlobalSection(SolutionConfigurationPlatforms) = preSolution
		Debug|Any CPU = Debug|Any CPU
		Release|Any CPU = Release|Any CPU
	EndGlobalSection
	GlobalSection(ProjectConfigurationPlatforms) = postSolution
		{683A44AE-DB2B-418B-BE4D-7D74DCE1AA69}.Debug|Any CPU.ActiveCfg = Debug|Any CPU
		{683A44AE-DB2B-418B-BE4D-7D74DCE1AA69}.Debug|Any CPU.Build.0 = Debug|Any CPU
		{683A44AE-DB2B-418B-BE4D-7D74DCE1AA69}.Release|Any CPU.ActiveCfg = Release|Any CPU
		{683A44AE-DB2B-418B-BE4D-7D74DCE1AA69}.Release|Any CPU.Build.0 = Release|Any CPU
		{FBCBE7DC-3A64-4DE0-B53B-66A286F565BE}.Debug|Any CPU.ActiveCfg = Debug|Any CPU
		{FBCBE7DC-3A64-4DE0-B53B-66A286F565BE}.Debug|Any CPU.Build.0 = Debug|Any CPU
		{FBCBE7DC-3A64-4DE0-B53B-66A286F565BE}.Release|Any CPU.ActiveCfg = Release|Any CPU
		{FBCBE7DC-3A64-4DE0-B53B-66A286F565BE}.Release|Any CPU.Build.0 = Release|Any CPU
		{DCAC7335-D9E6-4AC2-B5C0-DFD4640F72F7}.Debug|Any CPU.ActiveCfg = Debug|Any CPU
		{DCAC7335-D9E6-4AC2-B5C0-DFD4640F72F7}.Debug|Any CPU.Build.0 = Debug|Any CPU
		{DCAC7335-D9E6-4AC2-B5C0-DFD4640F72F7}.Release|Any CPU.ActiveCfg = Release|Any CPU
		{DCAC7335-D9E6-4AC2-B5C0-DFD4640F72F7}.Release|Any CPU.Build.0 = Release|Any CPU
		{772DC280-ABA0-4E7D-9460-6DE0623C3460}.Debug|Any CPU.ActiveCfg = Debug|Any CPU
		{772DC280-ABA0-4E7D-9460-6DE0623C3460}.Debug|Any CPU.Build.0 = Debug|Any CPU
		{772DC280-ABA0-4E7D-9460-6DE0623C3460}.Release|Any CPU.ActiveCfg = Release|Any CPU
		{772DC280-ABA0-4E7D-9460-6DE0623C3460}.Release|Any CPU.Build.0 = Release|Any CPU
		{77E10D07-FB7B-417B-8A07-A01A9BE0EBBF}.Debug|Any CPU.ActiveCfg = Debug|Any CPU
		{77E10D07-FB7B-417B-8A07-A01A9BE0EBBF}.Debug|Any CPU.Build.0 = Debug|Any CPU
		{77E10D07-FB7B-417B-8A07-A01A9BE0EBBF}.Release|Any CPU.ActiveCfg = Release|Any CPU
		{77E10D07-FB7B-417B-8A07-A01A9BE0EBBF}.Release|Any CPU.Build.0 = Release|Any CPU
		{9C603189-1B51-4110-A195-3FDA3A88FAC7}.Debug|Any CPU.ActiveCfg = Debug|Any CPU
		{9C603189-1B51-4110-A195-3FDA3A88FAC7}.Debug|Any CPU.Build.0 = Debug|Any CPU
		{9C603189-1B51-4110-A195-3FDA3A88FAC7}.Release|Any CPU.ActiveCfg = Release|Any CPU
		{9C603189-1B51-4110-A195-3FDA3A88FAC7}.Release|Any CPU.Build.0 = Release|Any CPU
		{8453C298-9834-49B4-9A37-508AC14B770D}.Debug|Any CPU.ActiveCfg = Debug|Any CPU
		{8453C298-9834-49B4-9A37-508AC14B770D}.Debug|Any CPU.Build.0 = Debug|Any CPU
		{8453C298-9834-49B4-9A37-508AC14B770D}.Release|Any CPU.ActiveCfg = Release|Any CPU
		{8453C298-9834-49B4-9A37-508AC14B770D}.Release|Any CPU.Build.0 = Release|Any CPU
		{B0DE4820-03CD-422C-9539-3DD54FAF5238}.Debug|Any CPU.ActiveCfg = Debug|Any CPU
		{B0DE4820-03CD-422C-9539-3DD54FAF5238}.Debug|Any CPU.Build.0 = Debug|Any CPU
		{B0DE4820-03CD-422C-9539-3DD54FAF5238}.Release|Any CPU.ActiveCfg = Release|Any CPU
		{B0DE4820-03CD-422C-9539-3DD54FAF5238}.Release|Any CPU.Build.0 = Release|Any CPU
		{6DC06D85-3201-4CCF-A0CC-9081926EDD00}.Debug|Any CPU.ActiveCfg = Debug|Any CPU
		{6DC06D85-3201-4CCF-A0CC-9081926EDD00}.Debug|Any CPU.Build.0 = Debug|Any CPU
		{6DC06D85-3201-4CCF-A0CC-9081926EDD00}.Release|Any CPU.ActiveCfg = Release|Any CPU
		{6DC06D85-3201-4CCF-A0CC-9081926EDD00}.Release|Any CPU.Build.0 = Release|Any CPU
		{60E88444-6F3F-45D6-98CB-8DC1E6ABBFF1}.Debug|Any CPU.ActiveCfg = Debug|Any CPU
		{60E88444-6F3F-45D6-98CB-8DC1E6ABBFF1}.Debug|Any CPU.Build.0 = Debug|Any CPU
		{60E88444-6F3F-45D6-98CB-8DC1E6ABBFF1}.Release|Any CPU.ActiveCfg = Release|Any CPU
		{60E88444-6F3F-45D6-98CB-8DC1E6ABBFF1}.Release|Any CPU.Build.0 = Release|Any CPU
		{7E2A1AF1-5791-4A15-9C23-89E158EA9D18}.Debug|Any CPU.ActiveCfg = Debug|Any CPU
		{7E2A1AF1-5791-4A15-9C23-89E158EA9D18}.Debug|Any CPU.Build.0 = Debug|Any CPU
		{7E2A1AF1-5791-4A15-9C23-89E158EA9D18}.Release|Any CPU.ActiveCfg = Release|Any CPU
		{7E2A1AF1-5791-4A15-9C23-89E158EA9D18}.Release|Any CPU.Build.0 = Release|Any CPU
		{706014C4-354D-4AC8-B51D-EB63E63CD2BD}.Debug|Any CPU.ActiveCfg = Debug|Any CPU
		{706014C4-354D-4AC8-B51D-EB63E63CD2BD}.Debug|Any CPU.Build.0 = Debug|Any CPU
		{706014C4-354D-4AC8-B51D-EB63E63CD2BD}.Release|Any CPU.ActiveCfg = Release|Any CPU
		{706014C4-354D-4AC8-B51D-EB63E63CD2BD}.Release|Any CPU.Build.0 = Release|Any CPU
		{2D50F3CC-A5DD-4A1C-A770-FF0FE63D68BE}.Debug|Any CPU.ActiveCfg = Debug|Any CPU
		{2D50F3CC-A5DD-4A1C-A770-FF0FE63D68BE}.Debug|Any CPU.Build.0 = Debug|Any CPU
		{2D50F3CC-A5DD-4A1C-A770-FF0FE63D68BE}.Release|Any CPU.ActiveCfg = Release|Any CPU
		{2D50F3CC-A5DD-4A1C-A770-FF0FE63D68BE}.Release|Any CPU.Build.0 = Release|Any CPU
		{99A317FE-E7F3-47CA-BE82-1347E4C2A425}.Debug|Any CPU.ActiveCfg = Debug|Any CPU
		{99A317FE-E7F3-47CA-BE82-1347E4C2A425}.Debug|Any CPU.Build.0 = Debug|Any CPU
		{99A317FE-E7F3-47CA-BE82-1347E4C2A425}.Release|Any CPU.ActiveCfg = Release|Any CPU
		{99A317FE-E7F3-47CA-BE82-1347E4C2A425}.Release|Any CPU.Build.0 = Release|Any CPU
		{D17135A4-20B0-4679-953A-586199B755A3}.Debug|Any CPU.ActiveCfg = Debug|Any CPU
		{D17135A4-20B0-4679-953A-586199B755A3}.Debug|Any CPU.Build.0 = Debug|Any CPU
		{D17135A4-20B0-4679-953A-586199B755A3}.Release|Any CPU.ActiveCfg = Release|Any CPU
		{D17135A4-20B0-4679-953A-586199B755A3}.Release|Any CPU.Build.0 = Release|Any CPU
	EndGlobalSection
	GlobalSection(SolutionProperties) = preSolution
		HideSolutionNode = FALSE
	EndGlobalSection
	GlobalSection(NestedProjects) = preSolution
		{683A44AE-DB2B-418B-BE4D-7D74DCE1AA69} = {AF1ED062-DC80-46B0-AEFC-042FC81AB265}
		{FBCBE7DC-3A64-4DE0-B53B-66A286F565BE} = {AF1ED062-DC80-46B0-AEFC-042FC81AB265}
		{DCAC7335-D9E6-4AC2-B5C0-DFD4640F72F7} = {AF1ED062-DC80-46B0-AEFC-042FC81AB265}
		{772DC280-ABA0-4E7D-9460-6DE0623C3460} = {742FDF90-F6CA-4DB2-876C-9CEF137B6D1A}
		{77E10D07-FB7B-417B-8A07-A01A9BE0EBBF} = {742FDF90-F6CA-4DB2-876C-9CEF137B6D1A}
		{9C603189-1B51-4110-A195-3FDA3A88FAC7} = {742FDF90-F6CA-4DB2-876C-9CEF137B6D1A}
		{8453C298-9834-49B4-9A37-508AC14B770D} = {34FED6D0-3379-4992-8BD1-0AA06F8CA120}
		{B0DE4820-03CD-422C-9539-3DD54FAF5238} = {34FED6D0-3379-4992-8BD1-0AA06F8CA120}
		{6DC06D85-3201-4CCF-A0CC-9081926EDD00} = {34FED6D0-3379-4992-8BD1-0AA06F8CA120}
		{60E88444-6F3F-45D6-98CB-8DC1E6ABBFF1} = {85C765AE-56E8-4F6D-88FD-D32EED6B9C4D}
		{7E2A1AF1-5791-4A15-9C23-89E158EA9D18} = {85C765AE-56E8-4F6D-88FD-D32EED6B9C4D}
		{706014C4-354D-4AC8-B51D-EB63E63CD2BD} = {85C765AE-56E8-4F6D-88FD-D32EED6B9C4D}
		{2D50F3CC-A5DD-4A1C-A770-FF0FE63D68BE} = {CEFFB0CF-CCE1-47A9-968E-71F83A383691}
		{99A317FE-E7F3-47CA-BE82-1347E4C2A425} = {CEFFB0CF-CCE1-47A9-968E-71F83A383691}
		{D17135A4-20B0-4679-953A-586199B755A3} = {CEFFB0CF-CCE1-47A9-968E-71F83A383691}
	EndGlobalSection
	GlobalSection(ExtensibilityGlobals) = postSolution
		SolutionGuid = {2DDB67BB-17FF-4425-BA0D-1CDADBE6A873}
	EndGlobalSection
EndGlobal
